// !$*UTF8*$!
{
	archiveVersion = 1;
	classes = {
	};
	objectVersion = 56;
	objects = {

/* Begin PBXBuildFile section */
		549479CB2AC9E16000E0F78B /* Metal.framework in Frameworks */ = {isa = PBXBuildFile; fileRef = 549479CA2AC9E16000E0F78B /* Metal.framework */; };
		8A1C83772AC328BD0096AF73 /* llama_swiftuiApp.swift in Sources */ = {isa = PBXBuildFile; fileRef = 8A1C83762AC328BD0096AF73 /* llama_swiftuiApp.swift */; };
		8A1C83792AC328BD0096AF73 /* MobileContentView.swift in Sources */ = {isa = PBXBuildFile; fileRef = 8A1C83782AC328BD0096AF73 /* MobileContentView.swift */; };
		8A1C837B2AC328BE0096AF73 /* Assets.xcassets in Resources */ = {isa = PBXBuildFile; fileRef = 8A1C837A2AC328BE0096AF73 /* Assets.xcassets */; };
		8A39BE0A2AC7601100BFEB40 /* Accelerate.framework in Frameworks */ = {isa = PBXBuildFile; fileRef = 8A39BE092AC7601000BFEB40 /* Accelerate.framework */; };
		8A3F84242AC4C891005E2EE8 /* models in Resources */ = {isa = PBXBuildFile; fileRef = 8A3F84232AC4C891005E2EE8 /* models */; };
		8A9F7C4D2AC332EE008AE1EA /* LlamaState.swift in Sources */ = {isa = PBXBuildFile; fileRef = 8A9F7C4C2AC332EE008AE1EA /* LlamaState.swift */; };
		B57B08662C7EBF02000B8846 /* llama in Frameworks */ = {isa = PBXBuildFile; productRef = B57B08652C7EBF02000B8846 /* llama */; };
		B594691A2C6DFF9400EB00B3 /* minicpmApp.swift in Sources */ = {isa = PBXBuildFile; fileRef = B59469192C6DFF9400EB00B3 /* minicpmApp.swift */; };
		B594691C2C6DFF9400EB00B3 /* MacContentView.swift in Sources */ = {isa = PBXBuildFile; fileRef = B594691B2C6DFF9400EB00B3 /* MacContentView.swift */; };
		B594691E2C6DFF9500EB00B3 /* Assets.xcassets in Resources */ = {isa = PBXBuildFile; fileRef = B594691D2C6DFF9500EB00B3 /* Assets.xcassets */; };
		B59469212C6DFF9500EB00B3 /* Preview Assets.xcassets in Resources */ = {isa = PBXBuildFile; fileRef = B59469202C6DFF9500EB00B3 /* Preview Assets.xcassets */; };
		B59469272C6DFF9F00EB00B3 /* llama in Frameworks */ = {isa = PBXBuildFile; productRef = B59469262C6DFF9F00EB00B3 /* llama */; };
		B59469292C6DFFA300EB00B3 /* Accelerate.framework in Frameworks */ = {isa = PBXBuildFile; fileRef = B59469282C6DFFA300EB00B3 /* Accelerate.framework */; };
		B594692B2C6DFFAA00EB00B3 /* Metal.framework in Frameworks */ = {isa = PBXBuildFile; fileRef = B594692A2C6DFFAA00EB00B3 /* Metal.framework */; };
		B594692D2C6DFFB500EB00B3 /* LlamaState.swift in Sources */ = {isa = PBXBuildFile; fileRef = 8A9F7C4C2AC332EE008AE1EA /* LlamaState.swift */; };
/* End PBXBuildFile section */

/* Begin PBXFileReference section */
		549479CA2AC9E16000E0F78B /* Metal.framework */ = {isa = PBXFileReference; lastKnownFileType = wrapper.framework; name = Metal.framework; path = System/Library/Frameworks/Metal.framework; sourceTree = SDKROOT; };
		8A1C83732AC328BD0096AF73 /* llama.swiftui.app */ = {isa = PBXFileReference; explicitFileType = wrapper.application; includeInIndex = 0; path = llama.swiftui.app; sourceTree = BUILT_PRODUCTS_DIR; };
		8A1C83762AC328BD0096AF73 /* llama_swiftuiApp.swift */ = {isa = PBXFileReference; lastKnownFileType = sourcecode.swift; path = llama_swiftuiApp.swift; sourceTree = "<group>"; };
		8A1C83782AC328BD0096AF73 /* MobileContentView.swift */ = {isa = PBXFileReference; lastKnownFileType = sourcecode.swift; path = MobileContentView.swift; sourceTree = "<group>"; };
		8A1C837A2AC328BE0096AF73 /* Assets.xcassets */ = {isa = PBXFileReference; lastKnownFileType = folder.assetcatalog; path = Assets.xcassets; sourceTree = "<group>"; };
		8A39BE092AC7601000BFEB40 /* Accelerate.framework */ = {isa = PBXFileReference; lastKnownFileType = wrapper.framework; name = Accelerate.framework; path = System/Library/Frameworks/Accelerate.framework; sourceTree = SDKROOT; };
		8A3F84232AC4C891005E2EE8 /* models */ = {isa = PBXFileReference; lastKnownFileType = folder; name = models; path = llama.swiftui/Resources/models; sourceTree = "<group>"; };
		8A9F7C4C2AC332EE008AE1EA /* LlamaState.swift */ = {isa = PBXFileReference; lastKnownFileType = sourcecode.swift; path = LlamaState.swift; sourceTree = "<group>"; };
		B59469172C6DFF9400EB00B3 /* minicpm.app */ = {isa = PBXFileReference; explicitFileType = wrapper.application; includeInIndex = 0; path = minicpm.app; sourceTree = BUILT_PRODUCTS_DIR; };
		B59469192C6DFF9400EB00B3 /* minicpmApp.swift */ = {isa = PBXFileReference; lastKnownFileType = sourcecode.swift; path = minicpmApp.swift; sourceTree = "<group>"; };
		B594691B2C6DFF9400EB00B3 /* MacContentView.swift */ = {isa = PBXFileReference; lastKnownFileType = sourcecode.swift; path = MacContentView.swift; sourceTree = "<group>"; };
		B594691D2C6DFF9500EB00B3 /* Assets.xcassets */ = {isa = PBXFileReference; lastKnownFileType = folder.assetcatalog; path = Assets.xcassets; sourceTree = "<group>"; };
		B59469202C6DFF9500EB00B3 /* Preview Assets.xcassets */ = {isa = PBXFileReference; lastKnownFileType = folder.assetcatalog; path = "Preview Assets.xcassets"; sourceTree = "<group>"; };
		B59469222C6DFF9500EB00B3 /* minicpm.entitlements */ = {isa = PBXFileReference; lastKnownFileType = text.plist.entitlements; path = minicpm.entitlements; sourceTree = "<group>"; };
		B59469282C6DFFA300EB00B3 /* Accelerate.framework */ = {isa = PBXFileReference; lastKnownFileType = wrapper.framework; name = Accelerate.framework; path = Platforms/MacOSX.platform/Developer/SDKs/MacOSX14.5.sdk/System/Library/Frameworks/Accelerate.framework; sourceTree = DEVELOPER_DIR; };
		B594692A2C6DFFAA00EB00B3 /* Metal.framework */ = {isa = PBXFileReference; lastKnownFileType = wrapper.framework; name = Metal.framework; path = Platforms/MacOSX.platform/Developer/SDKs/MacOSX14.5.sdk/System/Library/Frameworks/Metal.framework; sourceTree = DEVELOPER_DIR; };
		B594692E2C6EED5100EB00B3 /* llama.swiftui.entitlements */ = {isa = PBXFileReference; lastKnownFileType = text.plist.entitlements; path = llama.swiftui.entitlements; sourceTree = "<group>"; };
		DF2D2FE72B4A59BE00FCB72D /* llama.cpp */ = {isa = PBXFileReference; lastKnownFileType = wrapper; name = llama.cpp; path = ../..; sourceTree = "<group>"; };
/* End PBXFileReference section */

/* Begin PBXFrameworksBuildPhase section */
		8A1C83702AC328BD0096AF73 /* Frameworks */ = {
			isa = PBXFrameworksBuildPhase;
			buildActionMask = 2147483647;
			files = (
				B57B08662C7EBF02000B8846 /* llama in Frameworks */,
				549479CB2AC9E16000E0F78B /* Metal.framework in Frameworks */,
				8A39BE0A2AC7601100BFEB40 /* Accelerate.framework in Frameworks */,
			);
			runOnlyForDeploymentPostprocessing = 0;
		};
		B59469142C6DFF9400EB00B3 /* Frameworks */ = {
			isa = PBXFrameworksBuildPhase;
			buildActionMask = 2147483647;
			files = (
				B59469272C6DFF9F00EB00B3 /* llama in Frameworks */,
				B594692B2C6DFFAA00EB00B3 /* Metal.framework in Frameworks */,
				B59469292C6DFFA300EB00B3 /* Accelerate.framework in Frameworks */,
			);
			runOnlyForDeploymentPostprocessing = 0;
		};
/* End PBXFrameworksBuildPhase section */

/* Begin PBXGroup section */
		8A1C836A2AC328BD0096AF73 = {
			isa = PBXGroup;
			children = (
				DF2D2FE72B4A59BE00FCB72D /* llama.cpp */,
				8A3F84232AC4C891005E2EE8 /* models */,
				8A1C83752AC328BD0096AF73 /* llama.swiftui */,
				B59469182C6DFF9400EB00B3 /* minicpm */,
				8A1C83742AC328BD0096AF73 /* Products */,
				8A39BE082AC7601000BFEB40 /* Frameworks */,
			);
			sourceTree = "<group>";
		};
		8A1C83742AC328BD0096AF73 /* Products */ = {
			isa = PBXGroup;
			children = (
				8A1C83732AC328BD0096AF73 /* llama.swiftui.app */,
				B59469172C6DFF9400EB00B3 /* minicpm.app */,
			);
			name = Products;
			sourceTree = "<group>";
		};
		8A1C83752AC328BD0096AF73 /* llama.swiftui */ = {
			isa = PBXGroup;
			children = (
				B594692E2C6EED5100EB00B3 /* llama.swiftui.entitlements */,
				8A3F84102AC4BD85005E2EE8 /* Resources */,
				8A9F7C4B2AC332DC008AE1EA /* Models */,
				8A9F7C4A2AC332BF008AE1EA /* UI */,
				8A1C83762AC328BD0096AF73 /* llama_swiftuiApp.swift */,
				8A1C837A2AC328BE0096AF73 /* Assets.xcassets */,
			);
			path = llama.swiftui;
			sourceTree = "<group>";
		};
		8A39BE082AC7601000BFEB40 /* Frameworks */ = {
			isa = PBXGroup;
			children = (
				B594692A2C6DFFAA00EB00B3 /* Metal.framework */,
				B59469282C6DFFA300EB00B3 /* Accelerate.framework */,
				549479CA2AC9E16000E0F78B /* Metal.framework */,
				8A39BE092AC7601000BFEB40 /* Accelerate.framework */,
			);
			name = Frameworks;
			sourceTree = "<group>";
		};
		8A3F84102AC4BD85005E2EE8 /* Resources */ = {
			isa = PBXGroup;
			children = (
				8A3F84112AC4BD8C005E2EE8 /* models */,
			);
			path = Resources;
			sourceTree = "<group>";
		};
		8A3F84112AC4BD8C005E2EE8 /* models */ = {
			isa = PBXGroup;
			children = (
			);
			path = models;
			sourceTree = "<group>";
		};
		8A9F7C4A2AC332BF008AE1EA /* UI */ = {
			isa = PBXGroup;
			children = (
				8A1C83782AC328BD0096AF73 /* MobileContentView.swift */,
			);
			path = UI;
			sourceTree = "<group>";
		};
		8A9F7C4B2AC332DC008AE1EA /* Models */ = {
			isa = PBXGroup;
			children = (
				8A9F7C4C2AC332EE008AE1EA /* LlamaState.swift */,
			);
			path = Models;
			sourceTree = "<group>";
		};
		B59469182C6DFF9400EB00B3 /* minicpm */ = {
			isa = PBXGroup;
			children = (
				B59469192C6DFF9400EB00B3 /* minicpmApp.swift */,
				B594691B2C6DFF9400EB00B3 /* MacContentView.swift */,
				B594691D2C6DFF9500EB00B3 /* Assets.xcassets */,
				B59469222C6DFF9500EB00B3 /* minicpm.entitlements */,
				B594691F2C6DFF9500EB00B3 /* Preview Content */,
			);
			path = minicpm;
			sourceTree = "<group>";
		};
		B594691F2C6DFF9500EB00B3 /* Preview Content */ = {
			isa = PBXGroup;
			children = (
				B59469202C6DFF9500EB00B3 /* Preview Assets.xcassets */,
			);
			path = "Preview Content";
			sourceTree = "<group>";
		};
/* End PBXGroup section */

/* Begin PBXNativeTarget section */
		8A1C83722AC328BD0096AF73 /* llama.swiftui */ = {
			isa = PBXNativeTarget;
			buildConfigurationList = 8A1C83812AC328BE0096AF73 /* Build configuration list for PBXNativeTarget "llama.swiftui" */;
			buildPhases = (
				8A1C836F2AC328BD0096AF73 /* Sources */,
				8A1C83702AC328BD0096AF73 /* Frameworks */,
				8A1C83712AC328BD0096AF73 /* Resources */,
			);
			buildRules = (
			);
			dependencies = (
			);
			name = llama.swiftui;
			packageProductDependencies = (
				B57B08652C7EBF02000B8846 /* llama */,
			);
			productName = llama.swiftui;
			productReference = 8A1C83732AC328BD0096AF73 /* llama.swiftui.app */;
			productType = "com.apple.product-type.application";
		};
		B59469162C6DFF9400EB00B3 /* minicpm */ = {
			isa = PBXNativeTarget;
			buildConfigurationList = B59469252C6DFF9500EB00B3 /* Build configuration list for PBXNativeTarget "minicpm" */;
			buildPhases = (
				B59469132C6DFF9400EB00B3 /* Sources */,
				B59469142C6DFF9400EB00B3 /* Frameworks */,
				B59469152C6DFF9400EB00B3 /* Resources */,
			);
			buildRules = (
			);
			dependencies = (
			);
			name = minicpm;
			packageProductDependencies = (
				B59469262C6DFF9F00EB00B3 /* llama */,
			);
			productName = minicpm;
			productReference = B59469172C6DFF9400EB00B3 /* minicpm.app */;
			productType = "com.apple.product-type.application";
		};
/* End PBXNativeTarget section */

/* Begin PBXProject section */
		8A1C836B2AC328BD0096AF73 /* Project object */ = {
			isa = PBXProject;
			attributes = {
				BuildIndependentTargetsInParallel = 1;
				LastSwiftUpdateCheck = 1540;
				LastUpgradeCheck = 1500;
				TargetAttributes = {
					8A1C83722AC328BD0096AF73 = {
						CreatedOnToolsVersion = 15.0;
						LastSwiftMigration = 1500;
					};
					B59469162C6DFF9400EB00B3 = {
						CreatedOnToolsVersion = 15.4;
					};
				};
			};
			buildConfigurationList = 8A1C836E2AC328BD0096AF73 /* Build configuration list for PBXProject "llama.swiftui" */;
			compatibilityVersion = "Xcode 14.0";
			developmentRegion = en;
			hasScannedForEncodings = 0;
			knownRegions = (
				en,
				Base,
			);
			mainGroup = 8A1C836A2AC328BD0096AF73;
			packageReferences = (
			);
			productRefGroup = 8A1C83742AC328BD0096AF73 /* Products */;
			projectDirPath = "";
			projectRoot = "";
			targets = (
				8A1C83722AC328BD0096AF73 /* llama.swiftui */,
				B59469162C6DFF9400EB00B3 /* minicpm */,
			);
		};
/* End PBXProject section */

/* Begin PBXResourcesBuildPhase section */
		8A1C83712AC328BD0096AF73 /* Resources */ = {
			isa = PBXResourcesBuildPhase;
			buildActionMask = 2147483647;
			files = (
				8A3F84242AC4C891005E2EE8 /* models in Resources */,
				8A1C837B2AC328BE0096AF73 /* Assets.xcassets in Resources */,
			);
			runOnlyForDeploymentPostprocessing = 0;
		};
		B59469152C6DFF9400EB00B3 /* Resources */ = {
			isa = PBXResourcesBuildPhase;
			buildActionMask = 2147483647;
			files = (
				B59469212C6DFF9500EB00B3 /* Preview Assets.xcassets in Resources */,
				B594691E2C6DFF9500EB00B3 /* Assets.xcassets in Resources */,
			);
			runOnlyForDeploymentPostprocessing = 0;
		};
/* End PBXResourcesBuildPhase section */

/* Begin PBXSourcesBuildPhase section */
		8A1C836F2AC328BD0096AF73 /* Sources */ = {
			isa = PBXSourcesBuildPhase;
			buildActionMask = 2147483647;
			files = (
				8A9F7C4D2AC332EE008AE1EA /* LlamaState.swift in Sources */,
				8A1C83792AC328BD0096AF73 /* MobileContentView.swift in Sources */,
				8A1C83772AC328BD0096AF73 /* llama_swiftuiApp.swift in Sources */,
			);
			runOnlyForDeploymentPostprocessing = 0;
		};
		B59469132C6DFF9400EB00B3 /* Sources */ = {
			isa = PBXSourcesBuildPhase;
			buildActionMask = 2147483647;
			files = (
				B594692D2C6DFFB500EB00B3 /* LlamaState.swift in Sources */,
				B594691C2C6DFF9400EB00B3 /* MacContentView.swift in Sources */,
				B594691A2C6DFF9400EB00B3 /* minicpmApp.swift in Sources */,
			);
			runOnlyForDeploymentPostprocessing = 0;
		};
/* End PBXSourcesBuildPhase section */

/* Begin XCBuildConfiguration section */
		8A1C837F2AC328BE0096AF73 /* Debug */ = {
			isa = XCBuildConfiguration;
			buildSettings = {
				ALWAYS_SEARCH_USER_PATHS = NO;
				ASSETCATALOG_COMPILER_GENERATE_SWIFT_ASSET_SYMBOL_EXTENSIONS = YES;
				CLANG_ANALYZER_NONNULL = YES;
				CLANG_ANALYZER_NUMBER_OBJECT_CONVERSION = YES_AGGRESSIVE;
				CLANG_CXX_LANGUAGE_STANDARD = "gnu++20";
				CLANG_ENABLE_MODULES = YES;
				CLANG_ENABLE_OBJC_ARC = YES;
				CLANG_ENABLE_OBJC_WEAK = YES;
				CLANG_WARN_BLOCK_CAPTURE_AUTORELEASING = YES;
				CLANG_WARN_BOOL_CONVERSION = YES;
				CLANG_WARN_COMMA = YES;
				CLANG_WARN_CONSTANT_CONVERSION = YES;
				CLANG_WARN_DEPRECATED_OBJC_IMPLEMENTATIONS = YES;
				CLANG_WARN_DIRECT_OBJC_ISA_USAGE = YES_ERROR;
				CLANG_WARN_DOCUMENTATION_COMMENTS = YES;
				CLANG_WARN_EMPTY_BODY = YES;
				CLANG_WARN_ENUM_CONVERSION = YES;
				CLANG_WARN_INFINITE_RECURSION = YES;
				CLANG_WARN_INT_CONVERSION = YES;
				CLANG_WARN_NON_LITERAL_NULL_CONVERSION = YES;
				CLANG_WARN_OBJC_IMPLICIT_RETAIN_SELF = YES;
				CLANG_WARN_OBJC_LITERAL_CONVERSION = YES;
				CLANG_WARN_OBJC_ROOT_CLASS = YES_ERROR;
				CLANG_WARN_QUOTED_INCLUDE_IN_FRAMEWORK_HEADER = YES;
				CLANG_WARN_RANGE_LOOP_ANALYSIS = YES;
				CLANG_WARN_STRICT_PROTOTYPES = YES;
				CLANG_WARN_SUSPICIOUS_MOVE = YES;
				CLANG_WARN_UNGUARDED_AVAILABILITY = YES_AGGRESSIVE;
				CLANG_WARN_UNREACHABLE_CODE = YES;
				CLANG_WARN__DUPLICATE_METHOD_MATCH = YES;
				COPY_PHASE_STRIP = NO;
				DEBUG_INFORMATION_FORMAT = dwarf;
				ENABLE_STRICT_OBJC_MSGSEND = YES;
				ENABLE_TESTABILITY = YES;
				ENABLE_USER_SCRIPT_SANDBOXING = YES;
				GCC_C_LANGUAGE_STANDARD = gnu17;
				GCC_DYNAMIC_NO_PIC = NO;
				GCC_NO_COMMON_BLOCKS = YES;
				GCC_OPTIMIZATION_LEVEL = 0;
				GCC_PREPROCESSOR_DEFINITIONS = (
					"DEBUG=1",
					"$(inherited)",
				);
				GCC_WARN_64_TO_32_BIT_CONVERSION = YES;
				GCC_WARN_ABOUT_RETURN_TYPE = YES_ERROR;
				GCC_WARN_UNDECLARED_SELECTOR = YES;
				GCC_WARN_UNINITIALIZED_AUTOS = YES_AGGRESSIVE;
				GCC_WARN_UNUSED_FUNCTION = YES;
				GCC_WARN_UNUSED_VARIABLE = YES;
				IPHONEOS_DEPLOYMENT_TARGET = 17.0;
				LOCALIZATION_PREFERS_STRING_CATALOGS = YES;
				MTL_ENABLE_DEBUG_INFO = INCLUDE_SOURCE;
				MTL_FAST_MATH = YES;
				ONLY_ACTIVE_ARCH = YES;
				SDKROOT = iphoneos;
				SWIFT_ACTIVE_COMPILATION_CONDITIONS = "DEBUG $(inherited)";
				SWIFT_OPTIMIZATION_LEVEL = "-Onone";
			};
			name = Debug;
		};
		8A1C83802AC328BE0096AF73 /* Release */ = {
			isa = XCBuildConfiguration;
			buildSettings = {
				ALWAYS_SEARCH_USER_PATHS = NO;
				ASSETCATALOG_COMPILER_GENERATE_SWIFT_ASSET_SYMBOL_EXTENSIONS = YES;
				CLANG_ANALYZER_NONNULL = YES;
				CLANG_ANALYZER_NUMBER_OBJECT_CONVERSION = YES_AGGRESSIVE;
				CLANG_CXX_LANGUAGE_STANDARD = "gnu++20";
				CLANG_ENABLE_MODULES = YES;
				CLANG_ENABLE_OBJC_ARC = YES;
				CLANG_ENABLE_OBJC_WEAK = YES;
				CLANG_WARN_BLOCK_CAPTURE_AUTORELEASING = YES;
				CLANG_WARN_BOOL_CONVERSION = YES;
				CLANG_WARN_COMMA = YES;
				CLANG_WARN_CONSTANT_CONVERSION = YES;
				CLANG_WARN_DEPRECATED_OBJC_IMPLEMENTATIONS = YES;
				CLANG_WARN_DIRECT_OBJC_ISA_USAGE = YES_ERROR;
				CLANG_WARN_DOCUMENTATION_COMMENTS = YES;
				CLANG_WARN_EMPTY_BODY = YES;
				CLANG_WARN_ENUM_CONVERSION = YES;
				CLANG_WARN_INFINITE_RECURSION = YES;
				CLANG_WARN_INT_CONVERSION = YES;
				CLANG_WARN_NON_LITERAL_NULL_CONVERSION = YES;
				CLANG_WARN_OBJC_IMPLICIT_RETAIN_SELF = YES;
				CLANG_WARN_OBJC_LITERAL_CONVERSION = YES;
				CLANG_WARN_OBJC_ROOT_CLASS = YES_ERROR;
				CLANG_WARN_QUOTED_INCLUDE_IN_FRAMEWORK_HEADER = YES;
				CLANG_WARN_RANGE_LOOP_ANALYSIS = YES;
				CLANG_WARN_STRICT_PROTOTYPES = YES;
				CLANG_WARN_SUSPICIOUS_MOVE = YES;
				CLANG_WARN_UNGUARDED_AVAILABILITY = YES_AGGRESSIVE;
				CLANG_WARN_UNREACHABLE_CODE = YES;
				CLANG_WARN__DUPLICATE_METHOD_MATCH = YES;
				COPY_PHASE_STRIP = NO;
				DEBUG_INFORMATION_FORMAT = "dwarf-with-dsym";
				ENABLE_NS_ASSERTIONS = NO;
				ENABLE_STRICT_OBJC_MSGSEND = YES;
				ENABLE_USER_SCRIPT_SANDBOXING = YES;
				GCC_C_LANGUAGE_STANDARD = gnu17;
				GCC_NO_COMMON_BLOCKS = YES;
				GCC_WARN_64_TO_32_BIT_CONVERSION = YES;
				GCC_WARN_ABOUT_RETURN_TYPE = YES_ERROR;
				GCC_WARN_UNDECLARED_SELECTOR = YES;
				GCC_WARN_UNINITIALIZED_AUTOS = YES_AGGRESSIVE;
				GCC_WARN_UNUSED_FUNCTION = YES;
				GCC_WARN_UNUSED_VARIABLE = YES;
				IPHONEOS_DEPLOYMENT_TARGET = 17.0;
				LOCALIZATION_PREFERS_STRING_CATALOGS = YES;
				MTL_ENABLE_DEBUG_INFO = NO;
				MTL_FAST_MATH = YES;
				SDKROOT = iphoneos;
				SWIFT_COMPILATION_MODE = wholemodule;
				VALIDATE_PRODUCT = YES;
			};
			name = Release;
		};
		8A1C83822AC328BE0096AF73 /* Debug */ = {
			isa = XCBuildConfiguration;
			buildSettings = {
				ASSETCATALOG_COMPILER_APPICON_NAME = AppIcon;
				CLANG_ENABLE_MODULES = YES;
				CODE_SIGN_ENTITLEMENTS = llama.swiftui/llama.swiftui.entitlements;
				CODE_SIGN_STYLE = Automatic;
				CURRENT_PROJECT_VERSION = 1;
				DEVELOPMENT_TEAM = M36TF66AJP;
				ENABLE_PREVIEWS = YES;
				GENERATE_INFOPLIST_FILE = YES;
				INFOPLIST_KEY_UIApplicationSceneManifest_Generation = YES;
				INFOPLIST_KEY_UIApplicationSupportsIndirectInputEvents = YES;
				INFOPLIST_KEY_UILaunchScreen_Generation = YES;
				INFOPLIST_KEY_UISupportedInterfaceOrientations_iPad = "UIInterfaceOrientationPortrait UIInterfaceOrientationPortraitUpsideDown UIInterfaceOrientationLandscapeLeft UIInterfaceOrientationLandscapeRight";
				INFOPLIST_KEY_UISupportedInterfaceOrientations_iPhone = "UIInterfaceOrientationPortrait UIInterfaceOrientationLandscapeLeft UIInterfaceOrientationLandscapeRight";
				IPHONEOS_DEPLOYMENT_TARGET = 17.0;
				LD_RUNPATH_SEARCH_PATHS = (
					"$(inherited)",
					"@executable_path/Frameworks",
				);
				MARKETING_VERSION = 1.0;
				PRODUCT_BUNDLE_IDENTIFIER = "com.noname.minicpm-swift";
				PRODUCT_NAME = "$(TARGET_NAME)";
				SUPPORTED_PLATFORMS = "iphoneos iphonesimulator";
				SUPPORTS_MACCATALYST = NO;
				SUPPORTS_MAC_DESIGNED_FOR_IPHONE_IPAD = NO;
				SUPPORTS_XR_DESIGNED_FOR_IPHONE_IPAD = NO;
				SWIFT_EMIT_LOC_STRINGS = YES;
				SWIFT_OPTIMIZATION_LEVEL = "-Onone";
				SWIFT_VERSION = 5.0;
				TARGETED_DEVICE_FAMILY = "1,2";
			};
			name = Debug;
		};
		8A1C83832AC328BE0096AF73 /* Release */ = {
			isa = XCBuildConfiguration;
			buildSettings = {
				ASSETCATALOG_COMPILER_APPICON_NAME = AppIcon;
				CLANG_ENABLE_MODULES = YES;
				CODE_SIGN_ENTITLEMENTS = llama.swiftui/llama.swiftui.entitlements;
				CODE_SIGN_STYLE = Automatic;
				CURRENT_PROJECT_VERSION = 1;
				DEVELOPMENT_TEAM = M36TF66AJP;
				ENABLE_PREVIEWS = YES;
				GENERATE_INFOPLIST_FILE = YES;
				INFOPLIST_KEY_UIApplicationSceneManifest_Generation = YES;
				INFOPLIST_KEY_UIApplicationSupportsIndirectInputEvents = YES;
				INFOPLIST_KEY_UILaunchScreen_Generation = YES;
				INFOPLIST_KEY_UISupportedInterfaceOrientations_iPad = "UIInterfaceOrientationPortrait UIInterfaceOrientationPortraitUpsideDown UIInterfaceOrientationLandscapeLeft UIInterfaceOrientationLandscapeRight";
				INFOPLIST_KEY_UISupportedInterfaceOrientations_iPhone = "UIInterfaceOrientationPortrait UIInterfaceOrientationLandscapeLeft UIInterfaceOrientationLandscapeRight";
				IPHONEOS_DEPLOYMENT_TARGET = 17.0;
				LD_RUNPATH_SEARCH_PATHS = (
					"$(inherited)",
					"@executable_path/Frameworks",
				);
				MARKETING_VERSION = 1.0;
				PRODUCT_BUNDLE_IDENTIFIER = "com.noname.minicpm-swift";
				PRODUCT_NAME = "$(TARGET_NAME)";
				SUPPORTED_PLATFORMS = "iphoneos iphonesimulator";
				SUPPORTS_MACCATALYST = NO;
				SUPPORTS_MAC_DESIGNED_FOR_IPHONE_IPAD = NO;
				SUPPORTS_XR_DESIGNED_FOR_IPHONE_IPAD = NO;
				SWIFT_EMIT_LOC_STRINGS = YES;
				SWIFT_VERSION = 5.0;
				TARGETED_DEVICE_FAMILY = "1,2";
			};
			name = Release;
		};
		B59469232C6DFF9500EB00B3 /* Debug */ = {
			isa = XCBuildConfiguration;
			buildSettings = {
				ASSETCATALOG_COMPILER_APPICON_NAME = AppIcon;
				ASSETCATALOG_COMPILER_GLOBAL_ACCENT_COLOR_NAME = AccentColor;
				CODE_SIGN_ENTITLEMENTS = minicpm/minicpm.entitlements;
				CODE_SIGN_STYLE = Automatic;
				COMBINE_HIDPI_IMAGES = YES;
				CURRENT_PROJECT_VERSION = 1;
				DEVELOPMENT_ASSET_PATHS = "\"minicpm/Preview Content\"";
				DEVELOPMENT_TEAM = M36TF66AJP;
				ENABLE_HARDENED_RUNTIME = YES;
				ENABLE_PREVIEWS = YES;
				GENERATE_INFOPLIST_FILE = YES;
				INFOPLIST_KEY_NSHumanReadableCopyright = "";
				LD_RUNPATH_SEARCH_PATHS = (
					"$(inherited)",
					"@executable_path/../Frameworks",
				);
				MACOSX_DEPLOYMENT_TARGET = 14.5;
				MARKETING_VERSION = 1.0;
				PRODUCT_BUNDLE_IDENTIFIER = com.noname.minicpm;
				PRODUCT_NAME = "$(TARGET_NAME)";
				SDKROOT = macosx;
				SWIFT_EMIT_LOC_STRINGS = YES;
				SWIFT_VERSION = 5.0;
			};
			name = Debug;
		};
		B59469242C6DFF9500EB00B3 /* Release */ = {
			isa = XCBuildConfiguration;
			buildSettings = {
				ASSETCATALOG_COMPILER_APPICON_NAME = AppIcon;
				ASSETCATALOG_COMPILER_GLOBAL_ACCENT_COLOR_NAME = AccentColor;
				CODE_SIGN_ENTITLEMENTS = minicpm/minicpm.entitlements;
				CODE_SIGN_STYLE = Automatic;
				COMBINE_HIDPI_IMAGES = YES;
				CURRENT_PROJECT_VERSION = 1;
				DEVELOPMENT_ASSET_PATHS = "\"minicpm/Preview Content\"";
				DEVELOPMENT_TEAM = M36TF66AJP;
				ENABLE_HARDENED_RUNTIME = YES;
				ENABLE_PREVIEWS = YES;
				GENERATE_INFOPLIST_FILE = YES;
				INFOPLIST_KEY_NSHumanReadableCopyright = "";
				LD_RUNPATH_SEARCH_PATHS = (
					"$(inherited)",
					"@executable_path/../Frameworks",
				);
				MACOSX_DEPLOYMENT_TARGET = 14.5;
				MARKETING_VERSION = 1.0;
				PRODUCT_BUNDLE_IDENTIFIER = com.noname.minicpm;
				PRODUCT_NAME = "$(TARGET_NAME)";
				SDKROOT = macosx;
				SWIFT_EMIT_LOC_STRINGS = YES;
				SWIFT_VERSION = 5.0;
			};
			name = Release;
		};
/* End XCBuildConfiguration section */

/* Begin XCConfigurationList section */
		8A1C836E2AC328BD0096AF73 /* Build configuration list for PBXProject "llama.swiftui" */ = {
			isa = XCConfigurationList;
			buildConfigurations = (
				8A1C837F2AC328BE0096AF73 /* Debug */,
				8A1C83802AC328BE0096AF73 /* Release */,
			);
			defaultConfigurationIsVisible = 0;
			defaultConfigurationName = Release;
		};
		8A1C83812AC328BE0096AF73 /* Build configuration list for PBXNativeTarget "llama.swiftui" */ = {
			isa = XCConfigurationList;
			buildConfigurations = (
				8A1C83822AC328BE0096AF73 /* Debug */,
				8A1C83832AC328BE0096AF73 /* Release */,
			);
			defaultConfigurationIsVisible = 0;
			defaultConfigurationName = Release;
		};
		B59469252C6DFF9500EB00B3 /* Build configuration list for PBXNativeTarget "minicpm" */ = {
			isa = XCConfigurationList;
			buildConfigurations = (
				B59469232C6DFF9500EB00B3 /* Debug */,
				B59469242C6DFF9500EB00B3 /* Release */,
			);
			defaultConfigurationIsVisible = 0;
			defaultConfigurationName = Release;
		};
/* End XCConfigurationList section */

/* Begin XCSwiftPackageProductDependency section */
		B57B08652C7EBF02000B8846 /* llama */ = {
			isa = XCSwiftPackageProductDependency;
			productName = llama;
		};
		B59469262C6DFF9F00EB00B3 /* llama */ = {
			isa = XCSwiftPackageProductDependency;
			productName = llama;
		};
/* End XCSwiftPackageProductDependency section */
	};
	rootObject = 8A1C836B2AC328BD0096AF73 /* Project object */;
}
